<?xml version="1.0" encoding="utf-8"?>
<Project ToolsVersion="4.0" xmlns="http://schemas.microsoft.com/developer/msbuild/2003">
  <ItemGroup>
    <Filter Include="Archivos de origen">
      <UniqueIdentifier>{4FC737F1-C7A5-4376-A066-2A32D752A2FF}</UniqueIdentifier>
      <Extensions>cpp;c;cc;cxx;c++;cppm;ixx;def;odl;idl;hpj;bat;asm;asmx</Extensions>
    </Filter>
    <Filter Include="Archivos de encabezado">
      <UniqueIdentifier>{93995380-89BD-4b04-88EB-625FBE52EBFB}</UniqueIdentifier>
      <Extensions>h;hh;hpp;hxx;h++;hm;inl;inc;ipp;xsd</Extensions>
    </Filter>
    <Filter Include="Archivos de recursos">
      <UniqueIdentifier>{67DA6AB6-F800-4c08-8B7A-83BB121AAD01}</UniqueIdentifier>
      <Extensions>rc;ico;cur;bmp;dlg;rc2;rct;bin;rgs;gif;jpg;jpeg;jpe;resx;tiff;tif;png;wav;mfcribbon-ms</Extensions>
    </Filter>
    <Filter Include="Archivos de origen\Shaders">
      <UniqueIdentifier>{0af3a3af-9701-4c39-af5e-1d686808703b}</UniqueIdentifier>
    </Filter>
    <Filter Include="Archivos de origen\Textures">
      <UniqueIdentifier>{45f75471-9ab7-4275-8c72-af8d6b85a099}</UniqueIdentifier>
    </Filter>
  </ItemGroup>
  <ItemGroup>
    <ClCompile Include="EBO.h">
      <Filter>Archivos de encabezado</Filter>
    </ClCompile>
    <ClCompile Include="VBO.cpp">
      <Filter>Archivos de recursos</Filter>
    </ClCompile>
    <ClCompile Include="VAO.cpp">
      <Filter>Archivos de recursos</Filter>
    </ClCompile>
    <ClCompile Include="Texture.cpp">
      <Filter>Archivos de recursos</Filter>
    </ClCompile>
    <ClCompile Include="shaderClass.cpp">
      <Filter>Archivos de recursos</Filter>
    </ClCompile>
    <ClCompile Include="stb.cpp">
      <Filter>Archivos de recursos</Filter>
    </ClCompile>
    <ClCompile Include="main.cpp">
      <Filter>Archivos de recursos</Filter>
    </ClCompile>
    <ClCompile Include="EBO.cpp">
      <Filter>Archivos de recursos</Filter>
    </ClCompile>
    <ClCompile Include="glad.c">
      <Filter>Archivos de recursos</Filter>
    </ClCompile>
    <ClCompile Include="Camara.cpp">
      <Filter>Archivos de recursos</Filter>
    </ClCompile>
  </ItemGroup>
  <ItemGroup>
    <ClInclude Include="shaderClass.h">
      <Filter>Archivos de encabezado</Filter>
    </ClInclude>
    <ClInclude Include="Texture.h">
      <Filter>Archivos de encabezado</Filter>
    </ClInclude>
    <ClInclude Include="VAO.h">
      <Filter>Archivos de encabezado</Filter>
    </ClInclude>
    <ClInclude Include="VBO.h">
      <Filter>Archivos de encabezado</Filter>
    </ClInclude>
    <ClInclude Include="Camara.h">
      <Filter>Archivos de encabezado</Filter>
    </ClInclude>
    <ClInclude Include="mapeo.h">
      <Filter>Archivos de encabezado</Filter>
    </ClInclude>
    <ClInclude Include="As3D.h">
      <Filter>Archivos de encabezado</Filter>
    </ClInclude>
  </ItemGroup>
  <ItemGroup>
    <None Include="Shaders" />
    <None Include="default.vert">
      <Filter>Archivos de origen\Shaders</Filter>
    </None>
    <None Include="default.frag">
      <Filter>Archivos de origen\Shaders</Filter>
    </None>
    <None Include="light.vert">
      <Filter>Archivos de origen\Shaders</Filter>
    </None>
    <None Include="light.frag">
      <Filter>Archivos de origen\Shaders</Filter>
    </None>
    <None Include="model.vert">
      <Filter>Archivos de origen\Shaders</Filter>
    </None>
    <None Include="model.frag">
      <Filter>Archivos de origen\Shaders</Filter>
    </None>
  </ItemGroup>
  <ItemGroup>
    <Image Include="tex3.png">
      <Filter>Archivos de origen\Textures</Filter>
    </Image>
    <Image Include="hierba.jpg">
      <Filter>Archivos de origen\Textures</Filter>
    </Image>
    <Image Include="222.jpg">
      <Filter>Archivos de origen\Textures</Filter>
    </Image>
    <Image Include="Bark0.jpg">
      <Filter>Archivos de origen\Textures</Filter>
    </Image>
  </ItemGroup>
</Project>